
Microsoft Visual Studio Solution File, Format Version 12.00
# Visual Studio Version 16
VisualStudioVersion = 16.0.29324.140
MinimumVisualStudioVersion = 10.0.40219.1
Project("{FAE04EC0-301F-11D3-BF4B-00C04F79EFBC}") = "PublishingHouse", "PublishingHouse\PublishingHouse.csproj", "{F6977841-C907-4668-93A7-6CB099FF8600}"
EndProject
Project("{FAE04EC0-301F-11D3-BF4B-00C04F79EFBC}") = "PublishingHouse.BLL", "PublishingHouse.BLL\PublishingHouse.BLL.csproj", "{20F2B2AF-71F1-450E-B338-CE90BA5DE097}"
EndProject
Project("{FAE04EC0-301F-11D3-BF4B-00C04F79EFBC}") = "PublishingHouse.DAL", "PublishingHouse.DAL\PublishingHouse.DAL.csproj", "{B54E5DE7-91F5-4631-9F70-915A8B81C647}"
EndProject
Global
	GlobalSection(SolutionConfigurationPlatforms) = preSolution
		Debug|Any CPU = Debug|Any CPU
		Release|Any CPU = Release|Any CPU
	EndGlobalSection
	GlobalSection(ProjectConfigurationPlatforms) = postSolution
		{F6977841-C907-4668-93A7-6CB099FF8600}.Debug|Any CPU.ActiveCfg = Debug|Any CPU
		{F6977841-C907-4668-93A7-6CB099FF8600}.Debug|Any CPU.Build.0 = Debug|Any CPU
		{F6977841-C907-4668-93A7-6CB099FF8600}.Release|Any CPU.ActiveCfg = Release|Any CPU
		{F6977841-C907-4668-93A7-6CB099FF8600}.Release|Any CPU.Build.0 = Release|Any CPU
		{20F2B2AF-71F1-450E-B338-CE90BA5DE097}.Debug|Any CPU.ActiveCfg = Debug|Any CPU
		{20F2B2AF-71F1-450E-B338-CE90BA5DE097}.Debug|Any CPU.Build.0 = Debug|Any CPU
		{20F2B2AF-71F1-450E-B338-CE90BA5DE097}.Release|Any CPU.ActiveCfg = Release|Any CPU
		{20F2B2AF-71F1-450E-B338-CE90BA5DE097}.Release|Any CPU.Build.0 = Release|Any CPU
		{B54E5DE7-91F5-4631-9F70-915A8B81C647}.Debug|Any CPU.ActiveCfg = Debug|Any CPU
		{B54E5DE7-91F5-4631-9F70-915A8B81C647}.Debug|Any CPU.Build.0 = Debug|Any CPU
		{B54E5DE7-91F5-4631-9F70-915A8B81C647}.Release|Any CPU.ActiveCfg = Release|Any CPU
		{B54E5DE7-91F5-4631-9F70-915A8B81C647}.Release|Any CPU.Build.0 = Release|Any CPU
	EndGlobalSection
	GlobalSection(SolutionProperties) = preSolution
		HideSolutionNode = FALSE
	EndGlobalSection
	GlobalSection(ExtensibilityGlobals) = postSolution
		SolutionGuid = {94D8C584-1415-4496-88D6-7ED291BBFDC9}
	EndGlobalSection
EndGlobal
